
Microsoft Visual Studio Solution File, Format Version 12.00
# Visual Studio Version 16
VisualStudioVersion = 16.0.30114.105
MinimumVisualStudioVersion = 10.0.40219.1
Project("{9A19103F-16F7-4668-BE54-9A1E7A4F7556}") = "refactoring2", "refactoring2\refactoring2.csproj", "{2A9687E6-8608-411A-A51D-5DFCA489A600}"
EndProject
Project("{FAE04EC0-301F-11D3-BF4B-00C04F79EFBC}") = "refactoring2.test", "refactoring2.test\refactoring2.test.csproj", "{76159D83-91D9-4190-A742-E4869C8D1A04}"
EndProject
Global
	GlobalSection(SolutionConfigurationPlatforms) = preSolution
		Debug|Any CPU = Debug|Any CPU
		Release|Any CPU = Release|Any CPU
	EndGlobalSection
	GlobalSection(ProjectConfigurationPlatforms) = postSolution
		{2A9687E6-8608-411A-A51D-5DFCA489A600}.Debug|Any CPU.ActiveCfg = Debug|Any CPU
		{2A9687E6-8608-411A-A51D-5DFCA489A600}.Debug|Any CPU.Build.0 = Debug|Any CPU
		{2A9687E6-8608-411A-A51D-5DFCA489A600}.Release|Any CPU.ActiveCfg = Release|Any CPU
		{2A9687E6-8608-411A-A51D-5DFCA489A600}.Release|Any CPU.Build.0 = Release|Any CPU
		{76159D83-91D9-4190-A742-E4869C8D1A04}.Debug|Any CPU.ActiveCfg = Debug|Any CPU
		{76159D83-91D9-4190-A742-E4869C8D1A04}.Debug|Any CPU.Build.0 = Debug|Any CPU
		{76159D83-91D9-4190-A742-E4869C8D1A04}.Release|Any CPU.ActiveCfg = Release|Any CPU
		{76159D83-91D9-4190-A742-E4869C8D1A04}.Release|Any CPU.Build.0 = Release|Any CPU
	EndGlobalSection
	GlobalSection(SolutionProperties) = preSolution
		HideSolutionNode = FALSE
	EndGlobalSection
	GlobalSection(ExtensibilityGlobals) = postSolution
		SolutionGuid = {F61DEF83-9C5F-45E2-9ACE-6EEBED4D6480}
	EndGlobalSection
EndGlobal
